dependencies:
- name: spire-crds
  repository: https://spiffe.github.io/helm-charts-hardened
  version: 0.5.0
- name: spire
  repository: https://spiffe.github.io/helm-charts-hardened
  version: 0.25.0
- name: esi-pod-webhook
  repository: oci://us-central1-docker.pkg.dev/external-secrets-inc-registry/public/charts
  version: 0.4.2
- name: bitwarden-sdk-server
  repository: oci://ghcr.io/external-secrets/charts
<<<<<<< HEAD
  version: v0.5.0
digest: sha256:f78d571686a1f468d1975ec44b25097ed52401e97be8a833d823fb8c1404aa7b
generated: "2025-07-04T08:36:49.905018528-03:00"
=======
  version: v0.5.1
digest: sha256:04be6ffa8a097670c52868f5fe98a11841116b7f484501cae98276215294ba50
generated: "2025-07-18T07:31:51.336505+02:00"
>>>>>>> upstream/main
