dependencies:
- name: esi-pod-webhook
  repository: oci://us-central1-docker.pkg.dev/external-secrets-inc-registry/public/charts
  version: 0.3.2
- name: bitwarden-sdk-server
  repository: oci://ghcr.io/external-secrets/charts
  version: v0.4.2
digest: sha256:b7cee8aa1ad2926e0b75c5202234b43103a1c0a9a3c41973dfc71411e1b7686c
generated: "2025-05-27T09:42:38.651546597-03:00"
